
Microsoft Visual Studio Solution File, Format Version 12.00
# Visual Studio Version 16
VisualStudioVersion = 16.0.30717.126
MinimumVisualStudioVersion = 10.0.40219.1
Project("{FAE04EC0-301F-11D3-BF4B-00C04F79EFBC}") = "ASP.NET Orders", "ASP.NET Orders.csproj", "{3DAAA3D7-C7D2-4B48-B38E-8A909C02F293}"
EndProject
Global
	GlobalSection(SolutionConfigurationPlatforms) = preSolution
		Debug|Any CPU = Debug|Any CPU
		Release|Any CPU = Release|Any CPU
	EndGlobalSection
	GlobalSection(ProjectConfigurationPlatforms) = postSolution
		{3DAAA3D7-C7D2-4B48-B38E-8A909C02F293}.Debug|Any CPU.ActiveCfg = Debug|Any CPU
		{3DAAA3D7-C7D2-4B48-B38E-8A909C02F293}.Debug|Any CPU.Build.0 = Debug|Any CPU
		{3DAAA3D7-C7D2-4B48-B38E-8A909C02F293}.Release|Any CPU.ActiveCfg = Release|Any CPU
		{3DAAA3D7-C7D2-4B48-B38E-8A909C02F293}.Release|Any CPU.Build.0 = Release|Any CPU
	EndGlobalSection
	GlobalSection(SolutionProperties) = preSolution
		HideSolutionNode = FALSE
	EndGlobalSection
	GlobalSection(ExtensibilityGlobals) = postSolution
		SolutionGuid = {65252605-10A7-4C89-9458-7E2845DE2E64}
	EndGlobalSection
EndGlobal
